
Microsoft Visual Studio Solution File, Format Version 12.00
# Visual Studio Version 16
VisualStudioVersion = 16.0.31624.102
MinimumVisualStudioVersion = 10.0.40219.1
Project("{FAE04EC0-301F-11D3-BF4B-00C04F79EFBC}") = "RekurzijaVaja", "RekurzijaVaja\RekurzijaVaja.csproj", "{C7A6B67A-CE34-44A6-BA6E-96C6A4C835E8}"
EndProject
Global
	GlobalSection(SolutionConfigurationPlatforms) = preSolution
		Debug|Any CPU = Debug|Any CPU
		Release|Any CPU = Release|Any CPU
	EndGlobalSection
	GlobalSection(ProjectConfigurationPlatforms) = postSolution
		{C7A6B67A-CE34-44A6-BA6E-96C6A4C835E8}.Debug|Any CPU.ActiveCfg = Debug|Any CPU
		{C7A6B67A-CE34-44A6-BA6E-96C6A4C835E8}.Debug|Any CPU.Build.0 = Debug|Any CPU
		{C7A6B67A-CE34-44A6-BA6E-96C6A4C835E8}.Release|Any CPU.ActiveCfg = Release|Any CPU
		{C7A6B67A-CE34-44A6-BA6E-96C6A4C835E8}.Release|Any CPU.Build.0 = Release|Any CPU
	EndGlobalSection
	GlobalSection(SolutionProperties) = preSolution
		HideSolutionNode = FALSE
	EndGlobalSection
	GlobalSection(ExtensibilityGlobals) = postSolution
		SolutionGuid = {67F4887B-8B3D-4F4D-A44E-404C6190BC47}
	EndGlobalSection
EndGlobal
